
Microsoft Visual Studio Solution File, Format Version 12.00
# Visual Studio Version 16
VisualStudioVersion = 16.0.31005.135
MinimumVisualStudioVersion = 10.0.40219.1
Project("{FAE04EC0-301F-11D3-BF4B-00C04F79EFBC}") = "World_Wide_Parcel", "World_Wide_Parcel.csproj", "{0122D6E2-D91C-4258-AF16-67A6101973DF}"
EndProject
Global
	GlobalSection(SolutionConfigurationPlatforms) = preSolution
		Debug|Any CPU = Debug|Any CPU
		Release|Any CPU = Release|Any CPU
	EndGlobalSection
	GlobalSection(ProjectConfigurationPlatforms) = postSolution
		{0122D6E2-D91C-4258-AF16-67A6101973DF}.Debug|Any CPU.ActiveCfg = Debug|Any CPU
		{0122D6E2-D91C-4258-AF16-67A6101973DF}.Debug|Any CPU.Build.0 = Debug|Any CPU
		{0122D6E2-D91C-4258-AF16-67A6101973DF}.Release|Any CPU.ActiveCfg = Release|Any CPU
		{0122D6E2-D91C-4258-AF16-67A6101973DF}.Release|Any CPU.Build.0 = Release|Any CPU
	EndGlobalSection
	GlobalSection(SolutionProperties) = preSolution
		HideSolutionNode = FALSE
	EndGlobalSection
	GlobalSection(ExtensibilityGlobals) = postSolution
		SolutionGuid = {6D138573-A29A-4458-88B3-D6830A9C85C8}
	EndGlobalSection
EndGlobal
